
Microsoft Visual Studio Solution File, Format Version 12.00
Project("{FAE04EC0-301F-11D3-BF4B-00C04F79EFBC}") = "code_a_la_mode", "code_a_la_mode\code_a_la_mode.csproj", "{9620FCF7-4609-4626-950C-F93C7F9B313D}"
EndProject
Global
	GlobalSection(SolutionConfigurationPlatforms) = preSolution
		Debug|Any CPU = Debug|Any CPU
		Release|Any CPU = Release|Any CPU
	EndGlobalSection
	GlobalSection(ProjectConfigurationPlatforms) = postSolution
		{9620FCF7-4609-4626-950C-F93C7F9B313D}.Debug|Any CPU.ActiveCfg = Debug|Any CPU
		{9620FCF7-4609-4626-950C-F93C7F9B313D}.Debug|Any CPU.Build.0 = Debug|Any CPU
		{9620FCF7-4609-4626-950C-F93C7F9B313D}.Release|Any CPU.ActiveCfg = Release|Any CPU
		{9620FCF7-4609-4626-950C-F93C7F9B313D}.Release|Any CPU.Build.0 = Release|Any CPU
	EndGlobalSection
EndGlobal
